// !$*UTF8*$!
{
	archiveVersion = 1;
	classes = {
	};
	objectVersion = 50;
	objects = {

/* Begin PBXBuildFile section */
		2CC2AC3920D5506F0010DDEB /* AppDelegate.swift in Sources */ = {isa = PBXBuildFile; fileRef = 2CC2AC3820D5506F0010DDEB /* AppDelegate.swift */; };
		2CC2AC3B20D5506F0010DDEB /* MainPageViewController.swift in Sources */ = {isa = PBXBuildFile; fileRef = 2CC2AC3A20D5506F0010DDEB /* MainPageViewController.swift */; };
		2CC2AC3E20D5506F0010DDEB /* Main.storyboard in Resources */ = {isa = PBXBuildFile; fileRef = 2CC2AC3C20D5506F0010DDEB /* Main.storyboard */; };
		2CC2AC4020D550800010DDEB /* Assets.xcassets in Resources */ = {isa = PBXBuildFile; fileRef = 2CC2AC3F20D550800010DDEB /* Assets.xcassets */; };
		2CC2AC4320D550800010DDEB /* LaunchScreen.storyboard in Resources */ = {isa = PBXBuildFile; fileRef = 2CC2AC4120D550800010DDEB /* LaunchScreen.storyboard */; };
		2CC2AC4E20D550800010DDEB /* UIPageViewControllerPART1Tests.swift in Sources */ = {isa = PBXBuildFile; fileRef = 2CC2AC4D20D550800010DDEB /* UIPageViewControllerPART1Tests.swift */; };
		2CC2AC5920D550800010DDEB /* UIPageViewControllerPART1UITests.swift in Sources */ = {isa = PBXBuildFile; fileRef = 2CC2AC5820D550800010DDEB /* UIPageViewControllerPART1UITests.swift */; };
/* End PBXBuildFile section */

/* Begin PBXContainerItemProxy section */
		2CC2AC4A20D550800010DDEB /* PBXContainerItemProxy */ = {
			isa = PBXContainerItemProxy;
			containerPortal = 2CC2AC2D20D5506F0010DDEB /* Project object */;
			proxyType = 1;
			remoteGlobalIDString = 2CC2AC3420D5506F0010DDEB;
			remoteInfo = UIPageViewControllerPART1;
		};
		2CC2AC5520D550800010DDEB /* PBXContainerItemProxy */ = {
			isa = PBXContainerItemProxy;
			containerPortal = 2CC2AC2D20D5506F0010DDEB /* Project object */;
			proxyType = 1;
			remoteGlobalIDString = 2CC2AC3420D5506F0010DDEB;
			remoteInfo = UIPageViewControllerPART1;
		};
/* End PBXContainerItemProxy section */

/* Begin PBXFileReference section */
		2CC2AC3520D5506F0010DDEB /* UIPageViewControllerPART1.app */ = {isa = PBXFileReference; explicitFileType = wrapper.application; includeInIndex = 0; path = UIPageViewControllerPART1.app; sourceTree = BUILT_PRODUCTS_DIR; };
		2CC2AC3820D5506F0010DDEB /* AppDelegate.swift */ = {isa = PBXFileReference; lastKnownFileType = sourcecode.swift; path = AppDelegate.swift; sourceTree = "<group>"; };
		2CC2AC3A20D5506F0010DDEB /* MainPageViewController.swift */ = {isa = PBXFileReference; lastKnownFileType = sourcecode.swift; path = MainPageViewController.swift; sourceTree = "<group>"; };
		2CC2AC3D20D5506F0010DDEB /* Base */ = {isa = PBXFileReference; lastKnownFileType = file.storyboard; name = Base; path = Base.lproj/Main.storyboard; sourceTree = "<group>"; };
		2CC2AC3F20D550800010DDEB /* Assets.xcassets */ = {isa = PBXFileReference; lastKnownFileType = folder.assetcatalog; path = Assets.xcassets; sourceTree = "<group>"; };
		2CC2AC4220D550800010DDEB /* Base */ = {isa = PBXFileReference; lastKnownFileType = file.storyboard; name = Base; path = Base.lproj/LaunchScreen.storyboard; sourceTree = "<group>"; };
		2CC2AC4420D550800010DDEB /* Info.plist */ = {isa = PBXFileReference; lastKnownFileType = text.plist.xml; path = Info.plist; sourceTree = "<group>"; };
		2CC2AC4920D550800010DDEB /* UIPageViewControllerPART1Tests.xctest */ = {isa = PBXFileReference; explicitFileType = wrapper.cfbundle; includeInIndex = 0; path = UIPageViewControllerPART1Tests.xctest; sourceTree = BUILT_PRODUCTS_DIR; };
		2CC2AC4D20D550800010DDEB /* UIPageViewControllerPART1Tests.swift */ = {isa = PBXFileReference; lastKnownFileType = sourcecode.swift; path = UIPageViewControllerPART1Tests.swift; sourceTree = "<group>"; };
		2CC2AC4F20D550800010DDEB /* Info.plist */ = {isa = PBXFileReference; lastKnownFileType = text.plist.xml; path = Info.plist; sourceTree = "<group>"; };
		2CC2AC5420D550800010DDEB /* UIPageViewControllerPART1UITests.xctest */ = {isa = PBXFileReference; explicitFileType = wrapper.cfbundle; includeInIndex = 0; path = UIPageViewControllerPART1UITests.xctest; sourceTree = BUILT_PRODUCTS_DIR; };
		2CC2AC5820D550800010DDEB /* UIPageViewControllerPART1UITests.swift */ = {isa = PBXFileReference; lastKnownFileType = sourcecode.swift; path = UIPageViewControllerPART1UITests.swift; sourceTree = "<group>"; };
		2CC2AC5A20D550800010DDEB /* Info.plist */ = {isa = PBXFileReference; lastKnownFileType = text.plist.xml; path = Info.plist; sourceTree = "<group>"; };
/* End PBXFileReference section */

/* Begin PBXFrameworksBuildPhase section */
		2CC2AC3220D5506F0010DDEB /* Frameworks */ = {
			isa = PBXFrameworksBuildPhase;
			buildActionMask = 2147483647;
			files = (
			);
			runOnlyForDeploymentPostprocessing = 0;
		};
		2CC2AC4620D550800010DDEB /* Frameworks */ = {
			isa = PBXFrameworksBuildPhase;
			buildActionMask = 2147483647;
			files = (
			);
			runOnlyForDeploymentPostprocessing = 0;
		};
		2CC2AC5120D550800010DDEB /* Frameworks */ = {
			isa = PBXFrameworksBuildPhase;
			buildActionMask = 2147483647;
			files = (
			);
			runOnlyForDeploymentPostprocessing = 0;
		};
/* End PBXFrameworksBuildPhase section */

/* Begin PBXGroup section */
		2CC2AC2C20D5506F0010DDEB = {
			isa = PBXGroup;
			children = (
				2CC2AC3720D5506F0010DDEB /* UIPageViewControllerPART1 */,
				2CC2AC4C20D550800010DDEB /* UIPageViewControllerPART1Tests */,
				2CC2AC5720D550800010DDEB /* UIPageViewControllerPART1UITests */,
				2CC2AC3620D5506F0010DDEB /* Products */,
			);
			sourceTree = "<group>";
		};
		2CC2AC3620D5506F0010DDEB /* Products */ = {
			isa = PBXGroup;
			children = (
				2CC2AC3520D5506F0010DDEB /* UIPageViewControllerPART1.app */,
				2CC2AC4920D550800010DDEB /* UIPageViewControllerPART1Tests.xctest */,
				2CC2AC5420D550800010DDEB /* UIPageViewControllerPART1UITests.xctest */,
			);
			name = Products;
			sourceTree = "<group>";
		};
		2CC2AC3720D5506F0010DDEB /* UIPageViewControllerPART1 */ = {
			isa = PBXGroup;
			children = (
				2CC2AC3820D5506F0010DDEB /* AppDelegate.swift */,
				2CC2AC3A20D5506F0010DDEB /* MainPageViewController.swift */,
				2CC2AC3C20D5506F0010DDEB /* Main.storyboard */,
				2CC2AC3F20D550800010DDEB /* Assets.xcassets */,
				2CC2AC4120D550800010DDEB /* LaunchScreen.storyboard */,
				2CC2AC4420D550800010DDEB /* Info.plist */,
			);
			path = UIPageViewControllerPART1;
			sourceTree = "<group>";
		};
		2CC2AC4C20D550800010DDEB /* UIPageViewControllerPART1Tests */ = {
			isa = PBXGroup;
			children = (
				2CC2AC4D20D550800010DDEB /* UIPageViewControllerPART1Tests.swift */,
				2CC2AC4F20D550800010DDEB /* Info.plist */,
			);
			path = UIPageViewControllerPART1Tests;
			sourceTree = "<group>";
		};
		2CC2AC5720D550800010DDEB /* UIPageViewControllerPART1UITests */ = {
			isa = PBXGroup;
			children = (
				2CC2AC5820D550800010DDEB /* UIPageViewControllerPART1UITests.swift */,
				2CC2AC5A20D550800010DDEB /* Info.plist */,
			);
			path = UIPageViewControllerPART1UITests;
			sourceTree = "<group>";
		};
/* End PBXGroup section */

/* Begin PBXNativeTarget section */
		2CC2AC3420D5506F0010DDEB /* UIPageViewControllerPART1 */ = {
			isa = PBXNativeTarget;
			buildConfigurationList = 2CC2AC5D20D550800010DDEB /* Build configuration list for PBXNativeTarget "UIPageViewControllerPART1" */;
			buildPhases = (
				2CC2AC3120D5506F0010DDEB /* Sources */,
				2CC2AC3220D5506F0010DDEB /* Frameworks */,
				2CC2AC3320D5506F0010DDEB /* Resources */,
			);
			buildRules = (
			);
			dependencies = (
			);
			name = UIPageViewControllerPART1;
			productName = UIPageViewControllerPART1;
			productReference = 2CC2AC3520D5506F0010DDEB /* UIPageViewControllerPART1.app */;
			productType = "com.apple.product-type.application";
		};
		2CC2AC4820D550800010DDEB /* UIPageViewControllerPART1Tests */ = {
			isa = PBXNativeTarget;
			buildConfigurationList = 2CC2AC6020D550800010DDEB /* Build configuration list for PBXNativeTarget "UIPageViewControllerPART1Tests" */;
			buildPhases = (
				2CC2AC4520D550800010DDEB /* Sources */,
				2CC2AC4620D550800010DDEB /* Frameworks */,
				2CC2AC4720D550800010DDEB /* Resources */,
			);
			buildRules = (
			);
			dependencies = (
				2CC2AC4B20D550800010DDEB /* PBXTargetDependency */,
			);
			name = UIPageViewControllerPART1Tests;
			productName = UIPageViewControllerPART1Tests;
			productReference = 2CC2AC4920D550800010DDEB /* UIPageViewControllerPART1Tests.xctest */;
			productType = "com.apple.product-type.bundle.unit-test";
		};
		2CC2AC5320D550800010DDEB /* UIPageViewControllerPART1UITests */ = {
			isa = PBXNativeTarget;
			buildConfigurationList = 2CC2AC6320D550800010DDEB /* Build configuration list for PBXNativeTarget "UIPageViewControllerPART1UITests" */;
			buildPhases = (
				2CC2AC5020D550800010DDEB /* Sources */,
				2CC2AC5120D550800010DDEB /* Frameworks */,
				2CC2AC5220D550800010DDEB /* Resources */,
			);
			buildRules = (
			);
			dependencies = (
				2CC2AC5620D550800010DDEB /* PBXTargetDependency */,
			);
			name = UIPageViewControllerPART1UITests;
			productName = UIPageViewControllerPART1UITests;
			productReference = 2CC2AC5420D550800010DDEB /* UIPageViewControllerPART1UITests.xctest */;
			productType = "com.apple.product-type.bundle.ui-testing";
		};
/* End PBXNativeTarget section */

/* Begin PBXProject section */
		2CC2AC2D20D5506F0010DDEB /* Project object */ = {
			isa = PBXProject;
			attributes = {
				LastSwiftUpdateCheck = 0930;
				LastUpgradeCheck = 0930;
				ORGANIZATIONNAME = Akshansh;
				TargetAttributes = {
					2CC2AC3420D5506F0010DDEB = {
						CreatedOnToolsVersion = 9.3.1;
					};
					2CC2AC4820D550800010DDEB = {
						CreatedOnToolsVersion = 9.3.1;
						TestTargetID = 2CC2AC3420D5506F0010DDEB;
					};
					2CC2AC5320D550800010DDEB = {
						CreatedOnToolsVersion = 9.3.1;
						TestTargetID = 2CC2AC3420D5506F0010DDEB;
					};
				};
			};
			buildConfigurationList = 2CC2AC3020D5506F0010DDEB /* Build configuration list for PBXProject "UIPageViewControllerPART1" */;
			compatibilityVersion = "Xcode 9.3";
			developmentRegion = en;
			hasScannedForEncodings = 0;
			knownRegions = (
				en,
				Base,
			);
			mainGroup = 2CC2AC2C20D5506F0010DDEB;
			productRefGroup = 2CC2AC3620D5506F0010DDEB /* Products */;
			projectDirPath = "";
			projectRoot = "";
			targets = (
				2CC2AC3420D5506F0010DDEB /* UIPageViewControllerPART1 */,
				2CC2AC4820D550800010DDEB /* UIPageViewControllerPART1Tests */,
				2CC2AC5320D550800010DDEB /* UIPageViewControllerPART1UITests */,
			);
		};
/* End PBXProject section */

/* Begin PBXResourcesBuildPhase section */
		2CC2AC3320D5506F0010DDEB /* Resources */ = {
			isa = PBXResourcesBuildPhase;
			buildActionMask = 2147483647;
			files = (
				2CC2AC4320D550800010DDEB /* LaunchScreen.storyboard in Resources */,
				2CC2AC4020D550800010DDEB /* Assets.xcassets in Resources */,
				2CC2AC3E20D5506F0010DDEB /* Main.storyboard in Resources */,
			);
			runOnlyForDeploymentPostprocessing = 0;
		};
		2CC2AC4720D550800010DDEB /* Resources */ = {
			isa = PBXResourcesBuildPhase;
			buildActionMask = 2147483647;
			files = (
			);
			runOnlyForDeploymentPostprocessing = 0;
		};
		2CC2AC5220D550800010DDEB /* Resources */ = {
			isa = PBXResourcesBuildPhase;
			buildActionMask = 2147483647;
			files = (
			);
			runOnlyForDeploymentPostprocessing = 0;
		};
/* End PBXResourcesBuildPhase section */

/* Begin PBXSourcesBuildPhase section */
		2CC2AC3120D5506F0010DDEB /* Sources */ = {
			isa = PBXSourcesBuildPhase;
			buildActionMask = 2147483647;
			files = (
				2CC2AC3B20D5506F0010DDEB /* MainPageViewController.swift in Sources */,
				2CC2AC3920D5506F0010DDEB /* AppDelegate.swift in Sources */,
			);
			runOnlyForDeploymentPostprocessing = 0;
		};
		2CC2AC4520D550800010DDEB /* Sources */ = {
			isa = PBXSourcesBuildPhase;
			buildActionMask = 2147483647;
			files = (
				2CC2AC4E20D550800010DDEB /* UIPageViewControllerPART1Tests.swift in Sources */,
			);
			runOnlyForDeploymentPostprocessing = 0;
		};
		2CC2AC5020D550800010DDEB /* Sources */ = {
			isa = PBXSourcesBuildPhase;
			buildActionMask = 2147483647;
			files = (
				2CC2AC5920D550800010DDEB /* UIPageViewControllerPART1UITests.swift in Sources */,
			);
			runOnlyForDeploymentPostprocessing = 0;
		};
/* End PBXSourcesBuildPhase section */

/* Begin PBXTargetDependency section */
		2CC2AC4B20D550800010DDEB /* PBXTargetDependency */ = {
			isa = PBXTargetDependency;
			target = 2CC2AC3420D5506F0010DDEB /* UIPageViewControllerPART1 */;
			targetProxy = 2CC2AC4A20D550800010DDEB /* PBXContainerItemProxy */;
		};
		2CC2AC5620D550800010DDEB /* PBXTargetDependency */ = {
			isa = PBXTargetDependency;
			target = 2CC2AC3420D5506F0010DDEB /* UIPageViewControllerPART1 */;
			targetProxy = 2CC2AC5520D550800010DDEB /* PBXContainerItemProxy */;
		};
/* End PBXTargetDependency section */

/* Begin PBXVariantGroup section */
		2CC2AC3C20D5506F0010DDEB /* Main.storyboard */ = {
			isa = PBXVariantGroup;
			children = (
				2CC2AC3D20D5506F0010DDEB /* Base */,
			);
			name = Main.storyboard;
			sourceTree = "<group>";
		};
		2CC2AC4120D550800010DDEB /* LaunchScreen.storyboard */ = {
			isa = PBXVariantGroup;
			children = (
				2CC2AC4220D550800010DDEB /* Base */,
			);
			name = LaunchScreen.storyboard;
			sourceTree = "<group>";
		};
/* End PBXVariantGroup section */

/* Begin XCBuildConfiguration section */
		2CC2AC5B20D550800010DDEB /* Debug */ = {
			isa = XCBuildConfiguration;
			buildSettings = {
				ALWAYS_SEARCH_USER_PATHS = NO;
				CLANG_ANALYZER_NONNULL = YES;
				CLANG_ANALYZER_NUMBER_OBJECT_CONVERSION = YES_AGGRESSIVE;
				CLANG_CXX_LANGUAGE_STANDARD = "gnu++14";
				CLANG_CXX_LIBRARY = "libc++";
				CLANG_ENABLE_MODULES = YES;
				CLANG_ENABLE_OBJC_ARC = YES;
				CLANG_ENABLE_OBJC_WEAK = YES;
				CLANG_WARN_BLOCK_CAPTURE_AUTORELEASING = YES;
				CLANG_WARN_BOOL_CONVERSION = YES;
				CLANG_WARN_COMMA = YES;
				CLANG_WARN_CONSTANT_CONVERSION = YES;
				CLANG_WARN_DEPRECATED_OBJC_IMPLEMENTATIONS = YES;
				CLANG_WARN_DIRECT_OBJC_ISA_USAGE = YES_ERROR;
				CLANG_WARN_DOCUMENTATION_COMMENTS = YES;
				CLANG_WARN_EMPTY_BODY = YES;
				CLANG_WARN_ENUM_CONVERSION = YES;
				CLANG_WARN_INFINITE_RECURSION = YES;
				CLANG_WARN_INT_CONVERSION = YES;
				CLANG_WARN_NON_LITERAL_NULL_CONVERSION = YES;
				CLANG_WARN_OBJC_IMPLICIT_RETAIN_SELF = YES;
				CLANG_WARN_OBJC_LITERAL_CONVERSION = YES;
				CLANG_WARN_OBJC_ROOT_CLASS = YES_ERROR;
				CLANG_WARN_RANGE_LOOP_ANALYSIS = YES;
				CLANG_WARN_STRICT_PROTOTYPES = YES;
				CLANG_WARN_SUSPICIOUS_MOVE = YES;
				CLANG_WARN_UNGUARDED_AVAILABILITY = YES_AGGRESSIVE;
				CLANG_WARN_UNREACHABLE_CODE = YES;
				CLANG_WARN__DUPLICATE_METHOD_MATCH = YES;
				CODE_SIGN_IDENTITY = "iPhone Developer";
				COPY_PHASE_STRIP = NO;
				DEBUG_INFORMATION_FORMAT = dwarf;
				ENABLE_STRICT_OBJC_MSGSEND = YES;
				ENABLE_TESTABILITY = YES;
				GCC_C_LANGUAGE_STANDARD = gnu11;
				GCC_DYNAMIC_NO_PIC = NO;
				GCC_NO_COMMON_BLOCKS = YES;
				GCC_OPTIMIZATION_LEVEL = 0;
				GCC_PREPROCESSOR_DEFINITIONS = (
					"DEBUG=1",
					"$(inherited)",
				);
				GCC_WARN_64_TO_32_BIT_CONVERSION = YES;
				GCC_WARN_ABOUT_RETURN_TYPE = YES_ERROR;
				GCC_WARN_UNDECLARED_SELECTOR = YES;
				GCC_WARN_UNINITIALIZED_AUTOS = YES_AGGRESSIVE;
				GCC_WARN_UNUSED_FUNCTION = YES;
				GCC_WARN_UNUSED_VARIABLE = YES;
				IPHONEOS_DEPLOYMENT_TARGET = 11.3;
				MTL_ENABLE_DEBUG_INFO = YES;
				ONLY_ACTIVE_ARCH = YES;
				SDKROOT = iphoneos;
				SWIFT_ACTIVE_COMPILATION_CONDITIONS = DEBUG;
				SWIFT_OPTIMIZATION_LEVEL = "-Onone";
			};
			name = Debug;
		};
		2CC2AC5C20D550800010DDEB /* Release */ = {
			isa = XCBuildConfiguration;
			buildSettings = {
				ALWAYS_SEARCH_USER_PATHS = NO;
				CLANG_ANALYZER_NONNULL = YES;
				CLANG_ANALYZER_NUMBER_OBJECT_CONVERSION = YES_AGGRESSIVE;
				CLANG_CXX_LANGUAGE_STANDARD = "gnu++14";
				CLANG_CXX_LIBRARY = "libc++";
				CLANG_ENABLE_MODULES = YES;
				CLANG_ENABLE_OBJC_ARC = YES;
				CLANG_ENABLE_OBJC_WEAK = YES;
				CLANG_WARN_BLOCK_CAPTURE_AUTORELEASING = YES;
				CLANG_WARN_BOOL_CONVERSION = YES;
				CLANG_WARN_COMMA = YES;
				CLANG_WARN_CONSTANT_CONVERSION = YES;
				CLANG_WARN_DEPRECATED_OBJC_IMPLEMENTATIONS = YES;
				CLANG_WARN_DIRECT_OBJC_ISA_USAGE = YES_ERROR;
				CLANG_WARN_DOCUMENTATION_COMMENTS = YES;
				CLANG_WARN_EMPTY_BODY = YES;
				CLANG_WARN_ENUM_CONVERSION = YES;
				CLANG_WARN_INFINITE_RECURSION = YES;
				CLANG_WARN_INT_CONVERSION = YES;
				CLANG_WARN_NON_LITERAL_NULL_CONVERSION = YES;
				CLANG_WARN_OBJC_IMPLICIT_RETAIN_SELF = YES;
				CLANG_WARN_OBJC_LITERAL_CONVERSION = YES;
				CLANG_WARN_OBJC_ROOT_CLASS = YES_ERROR;
				CLANG_WARN_RANGE_LOOP_ANALYSIS = YES;
				CLANG_WARN_STRICT_PROTOTYPES = YES;
				CLANG_WARN_SUSPICIOUS_MOVE = YES;
				CLANG_WARN_UNGUARDED_AVAILABILITY = YES_AGGRESSIVE;
				CLANG_WARN_UNREACHABLE_CODE = YES;
				CLANG_WARN__DUPLICATE_METHOD_MATCH = YES;
				CODE_SIGN_IDENTITY = "iPhone Developer";
				COPY_PHASE_STRIP = NO;
				DEBUG_INFORMATION_FORMAT = "dwarf-with-dsym";
				ENABLE_NS_ASSERTIONS = NO;
				ENABLE_STRICT_OBJC_MSGSEND = YES;
				GCC_C_LANGUAGE_STANDARD = gnu11;
				GCC_NO_COMMON_BLOCKS = YES;
				GCC_WARN_64_TO_32_BIT_CONVERSION = YES;
				GCC_WARN_ABOUT_RETURN_TYPE = YES_ERROR;
				GCC_WARN_UNDECLARED_SELECTOR = YES;
				GCC_WARN_UNINITIALIZED_AUTOS = YES_AGGRESSIVE;
				GCC_WARN_UNUSED_FUNCTION = YES;
				GCC_WARN_UNUSED_VARIABLE = YES;
				IPHONEOS_DEPLOYMENT_TARGET = 11.3;
				MTL_ENABLE_DEBUG_INFO = NO;
				SDKROOT = iphoneos;
				SWIFT_COMPILATION_MODE = wholemodule;
				SWIFT_OPTIMIZATION_LEVEL = "-O";
				VALIDATE_PRODUCT = YES;
			};
			name = Release;
		};
		2CC2AC5E20D550800010DDEB /* Debug */ = {
			isa = XCBuildConfiguration;
			buildSettings = {
				ASSETCATALOG_COMPILER_APPICON_NAME = AppIcon;
				CODE_SIGN_STYLE = Automatic;
				DEVELOPMENT_TEAM = 6VBJQ92VR9;
				INFOPLIST_FILE = UIPageViewControllerPART1/Info.plist;
				LD_RUNPATH_SEARCH_PATHS = (
					"$(inherited)",
					"@executable_path/Frameworks",
				);
				PRODUCT_BUNDLE_IDENTIFIER = akshansh.UIPageViewControllerPART1;
				PRODUCT_NAME = "$(TARGET_NAME)";
				SWIFT_VERSION = 4.0;
				TARGETED_DEVICE_FAMILY = "1,2";
			};
			name = Debug;
		};
		2CC2AC5F20D550800010DDEB /* Release */ = {
			isa = XCBuildConfiguration;
			buildSettings = {
				ASSETCATALOG_COMPILER_APPICON_NAME = AppIcon;
				CODE_SIGN_STYLE = Automatic;
				DEVELOPMENT_TEAM = 6VBJQ92VR9;
				INFOPLIST_FILE = UIPageViewControllerPART1/Info.plist;
				LD_RUNPATH_SEARCH_PATHS = (
					"$(inherited)",
					"@executable_path/Frameworks",
				);
				PRODUCT_BUNDLE_IDENTIFIER = akshansh.UIPageViewControllerPART1;
				PRODUCT_NAME = "$(TARGET_NAME)";
				SWIFT_VERSION = 4.0;
				TARGETED_DEVICE_FAMILY = "1,2";
			};
			name = Release;
		};
		2CC2AC6120D550800010DDEB /* Debug */ = {
			isa = XCBuildConfiguration;
			buildSettings = {
				ALWAYS_EMBED_SWIFT_STANDARD_LIBRARIES = YES;
				BUNDLE_LOADER = "$(TEST_HOST)";
				CODE_SIGN_STYLE = Automatic;
				DEVELOPMENT_TEAM = 6VBJQ92VR9;
				INFOPLIST_FILE = UIPageViewControllerPART1Tests/Info.plist;
				LD_RUNPATH_SEARCH_PATHS = (
					"$(inherited)",
					"@executable_path/Frameworks",
					"@loader_path/Frameworks",
				);
				PRODUCT_BUNDLE_IDENTIFIER = akshansh.UIPageViewControllerPART1Tests;
				PRODUCT_NAME = "$(TARGET_NAME)";
				SWIFT_VERSION = 4.0;
				TARGETED_DEVICE_FAMILY = "1,2";
				TEST_HOST = "$(BUILT_PRODUCTS_DIR)/UIPageViewControllerPART1.app/UIPageViewControllerPART1";
			};
			name = Debug;
		};
		2CC2AC6220D550800010DDEB /* Release */ = {
			isa = XCBuildConfiguration;
			buildSettings = {
				ALWAYS_EMBED_SWIFT_STANDARD_LIBRARIES = YES;
				BUNDLE_LOADER = "$(TEST_HOST)";
				CODE_SIGN_STYLE = Automatic;
				DEVELOPMENT_TEAM = 6VBJQ92VR9;
				INFOPLIST_FILE = UIPageViewControllerPART1Tests/Info.plist;
				LD_RUNPATH_SEARCH_PATHS = (
					"$(inherited)",
					"@executable_path/Frameworks",
					"@loader_path/Frameworks",
				);
				PRODUCT_BUNDLE_IDENTIFIER = akshansh.UIPageViewControllerPART1Tests;
				PRODUCT_NAME = "$(TARGET_NAME)";
				SWIFT_VERSION = 4.0;
				TARGETED_DEVICE_FAMILY = "1,2";
				TEST_HOST = "$(BUILT_PRODUCTS_DIR)/UIPageViewControllerPART1.app/UIPageViewControllerPART1";
			};
			name = Release;
		};
		2CC2AC6420D550800010DDEB /* Debug */ = {
			isa = XCBuildConfiguration;
			buildSettings = {
				ALWAYS_EMBED_SWIFT_STANDARD_LIBRARIES = YES;
				CODE_SIGN_STYLE = Automatic;
				DEVELOPMENT_TEAM = 6VBJQ92VR9;
				INFOPLIST_FILE = UIPageViewControllerPART1UITests/Info.plist;
				LD_RUNPATH_SEARCH_PATHS = (
					"$(inherited)",
					"@executable_path/Frameworks",
					"@loader_path/Frameworks",
				);
				PRODUCT_BUNDLE_IDENTIFIER = akshansh.UIPageViewControllerPART1UITests;
				PRODUCT_NAME = "$(TARGET_NAME)";
				SWIFT_VERSION = 4.0;
				TARGETED_DEVICE_FAMILY = "1,2";
				TEST_TARGET_NAME = UIPageViewControllerPART1;
			};
			name = Debug;
		};
		2CC2AC6520D550800010DDEB /* Release */ = {
			isa = XCBuildConfiguration;
			buildSettings = {
				ALWAYS_EMBED_SWIFT_STANDARD_LIBRARIES = YES;
				CODE_SIGN_STYLE = Automatic;
				DEVELOPMENT_TEAM = 6VBJQ92VR9;
				INFOPLIST_FILE = UIPageViewControllerPART1UITests/Info.plist;
				LD_RUNPATH_SEARCH_PATHS = (
					"$(inherited)",
					"@executable_path/Frameworks",
					"@loader_path/Frameworks",
				);
				PRODUCT_BUNDLE_IDENTIFIER = akshansh.UIPageViewControllerPART1UITests;
				PRODUCT_NAME = "$(TARGET_NAME)";
				SWIFT_VERSION = 4.0;
				TARGETED_DEVICE_FAMILY = "1,2";
				TEST_TARGET_NAME = UIPageViewControllerPART1;
			};
			name = Release;
		};
/* End XCBuildConfiguration section */

/* Begin XCConfigurationList section */
		2CC2AC3020D5506F0010DDEB /* Build configuration list for PBXProject "UIPageViewControllerPART1" */ = {
			isa = XCConfigurationList;
			buildConfigurations = (
				2CC2AC5B20D550800010DDEB /* Debug */,
				2CC2AC5C20D550800010DDEB /* Release */,
			);
			defaultConfigurationIsVisible = 0;
			defaultConfigurationName = Release;
		};
		2CC2AC5D20D550800010DDEB /* Build configuration list for PBXNativeTarget "UIPageViewControllerPART1" */ = {
			isa = XCConfigurationList;
			buildConfigurations = (
				2CC2AC5E20D550800010DDEB /* Debug */,
				2CC2AC5F20D550800010DDEB /* Release */,
			);
			defaultConfigurationIsVisible = 0;
			defaultConfigurationName = Release;
		};
		2CC2AC6020D550800010DDEB /* Build configuration list for PBXNativeTarget "UIPageViewControllerPART1Tests" */ = {
			isa = XCConfigurationList;
			buildConfigurations = (
				2CC2AC6120D550800010DDEB /* Debug */,
				2CC2AC6220D550800010DDEB /* Release */,
			);
			defaultConfigurationIsVisible = 0;
			defaultConfigurationName = Release;
		};
		2CC2AC6320D550800010DDEB /* Build configuration list for PBXNativeTarget "UIPageViewControllerPART1UITests" */ = {
			isa = XCConfigurationList;
			buildConfigurations = (
				2CC2AC6420D550800010DDEB /* Debug */,
				2CC2AC6520D550800010DDEB /* Release */,
			);
			defaultConfigurationIsVisible = 0;
			defaultConfigurationName = Release;
		};
/* End XCConfigurationList section */
	};
	rootObject = 2CC2AC2D20D5506F0010DDEB /* Project object */;
}
